github.com/sergei-durkin/armtracer v0.0.0-20250929144053-5b7ba1861b04 h1:KQIhLsiftoIXRriwvIGAqop3Ns3bgDYIlAdBA9RC9dc=
github.com/sergei-durkin/armtracer v0.0.0-20250929144053-5b7ba1861b04/go.mod h1:t+dbEYOhlnrR7UaDwtJCVnVRMrde6hDO7WJCNaYY0Mg=
github.com/sergei-durkin/armtracer v0.0.0-20251004233256-49a3dc697c31 h1:4ckakoSOd7HP7C3N3zqOHcusf0FbqE2vNFCltjKVh4g=
github.com/sergei-durkin/armtracer v0.0.0-20251004233256-49a3dc697c31/go.mod h1:t+dbEYOhlnrR7UaDwtJCVnVRMrde6hDO7WJCNaYY0Mg=
